// !$*UTF8*$!
{
	archiveVersion = 1;
	classes = {
	};
	objectVersion = 50;
	objects = {

/* Begin PBXBuildFile section */
		1137155725C9EBAF005EF058 /* TrainingClass.swift in Sources */ = {isa = PBXBuildFile; fileRef = 1137155625C9EBAF005EF058 /* TrainingClass.swift */; };
		1137155D25CA4C98005EF058 /* ResultViewController.swift in Sources */ = {isa = PBXBuildFile; fileRef = 1137155C25CA4C98005EF058 /* ResultViewController.swift */; };
		1144490C25CC45BD0012BA9B /* FieldEmployee.swift in Sources */ = {isa = PBXBuildFile; fileRef = 1144490B25CC45BD0012BA9B /* FieldEmployee.swift */; };
		11900A6425C8E76700FE06C6 /* AppDelegate.swift in Sources */ = {isa = PBXBuildFile; fileRef = 11900A6325C8E76700FE06C6 /* AppDelegate.swift */; };
		11900A6625C8E76700FE06C6 /* SceneDelegate.swift in Sources */ = {isa = PBXBuildFile; fileRef = 11900A6525C8E76700FE06C6 /* SceneDelegate.swift */; };
		11900A6825C8E76700FE06C6 /* HomeViewController.swift in Sources */ = {isa = PBXBuildFile; fileRef = 11900A6725C8E76700FE06C6 /* HomeViewController.swift */; };
		11900A6B25C8E76700FE06C6 /* Main.storyboard in Resources */ = {isa = PBXBuildFile; fileRef = 11900A6925C8E76700FE06C6 /* Main.storyboard */; };
		11900A6E25C8E76700FE06C6 /* MyCompany.xcdatamodeld in Sources */ = {isa = PBXBuildFile; fileRef = 11900A6C25C8E76700FE06C6 /* MyCompany.xcdatamodeld */; };
		11900A7025C8E76900FE06C6 /* Assets.xcassets in Resources */ = {isa = PBXBuildFile; fileRef = 11900A6F25C8E76900FE06C6 /* Assets.xcassets */; };
		11900A7325C8E76900FE06C6 /* LaunchScreen.storyboard in Resources */ = {isa = PBXBuildFile; fileRef = 11900A7125C8E76900FE06C6 /* LaunchScreen.storyboard */; };
/* End PBXBuildFile section */

/* Begin PBXFileReference section */
		1137155625C9EBAF005EF058 /* TrainingClass.swift */ = {isa = PBXFileReference; lastKnownFileType = sourcecode.swift; path = TrainingClass.swift; sourceTree = "<group>"; };
		1137155C25CA4C98005EF058 /* ResultViewController.swift */ = {isa = PBXFileReference; lastKnownFileType = sourcecode.swift; path = ResultViewController.swift; sourceTree = "<group>"; };
		1144490B25CC45BD0012BA9B /* FieldEmployee.swift */ = {isa = PBXFileReference; lastKnownFileType = sourcecode.swift; path = FieldEmployee.swift; sourceTree = "<group>"; };
		11900A6025C8E76700FE06C6 /* MyCompany.app */ = {isa = PBXFileReference; explicitFileType = wrapper.application; includeInIndex = 0; path = MyCompany.app; sourceTree = BUILT_PRODUCTS_DIR; };
		11900A6325C8E76700FE06C6 /* AppDelegate.swift */ = {isa = PBXFileReference; lastKnownFileType = sourcecode.swift; path = AppDelegate.swift; sourceTree = "<group>"; };
		11900A6525C8E76700FE06C6 /* SceneDelegate.swift */ = {isa = PBXFileReference; lastKnownFileType = sourcecode.swift; path = SceneDelegate.swift; sourceTree = "<group>"; };
		11900A6725C8E76700FE06C6 /* HomeViewController.swift */ = {isa = PBXFileReference; lastKnownFileType = sourcecode.swift; path = HomeViewController.swift; sourceTree = "<group>"; };
		11900A6A25C8E76700FE06C6 /* Base */ = {isa = PBXFileReference; lastKnownFileType = file.storyboard; name = Base; path = Base.lproj/Main.storyboard; sourceTree = "<group>"; };
		11900A6D25C8E76700FE06C6 /* MyCompany.xcdatamodel */ = {isa = PBXFileReference; lastKnownFileType = wrapper.xcdatamodel; path = MyCompany.xcdatamodel; sourceTree = "<group>"; };
		11900A6F25C8E76900FE06C6 /* Assets.xcassets */ = {isa = PBXFileReference; lastKnownFileType = folder.assetcatalog; path = Assets.xcassets; sourceTree = "<group>"; };
		11900A7225C8E76900FE06C6 /* Base */ = {isa = PBXFileReference; lastKnownFileType = file.storyboard; name = Base; path = Base.lproj/LaunchScreen.storyboard; sourceTree = "<group>"; };
		11900A7425C8E76900FE06C6 /* Info.plist */ = {isa = PBXFileReference; lastKnownFileType = text.plist.xml; path = Info.plist; sourceTree = "<group>"; };
/* End PBXFileReference section */

/* Begin PBXFrameworksBuildPhase section */
		11900A5D25C8E76700FE06C6 /* Frameworks */ = {
			isa = PBXFrameworksBuildPhase;
			buildActionMask = 2147483647;
			files = (
			);
			runOnlyForDeploymentPostprocessing = 0;
		};
/* End PBXFrameworksBuildPhase section */

/* Begin PBXGroup section */
		1137155A25CA4C81005EF058 /* Controllers */ = {
			isa = PBXGroup;
			children = (
				11900A6725C8E76700FE06C6 /* HomeViewController.swift */,
				1137155C25CA4C98005EF058 /* ResultViewController.swift */,
			);
			path = Controllers;
			sourceTree = "<group>";
		};
		1144490925CC45AE0012BA9B /* Models */ = {
			isa = PBXGroup;
			children = (
				1137155625C9EBAF005EF058 /* TrainingClass.swift */,
				1144490B25CC45BD0012BA9B /* FieldEmployee.swift */,
			);
			path = Models;
			sourceTree = "<group>";
		};
		11900A5725C8E76700FE06C6 = {
			isa = PBXGroup;
			children = (
				11900A6225C8E76700FE06C6 /* MyCompany */,
				11900A6125C8E76700FE06C6 /* Products */,
			);
			sourceTree = "<group>";
		};
		11900A6125C8E76700FE06C6 /* Products */ = {
			isa = PBXGroup;
			children = (
				11900A6025C8E76700FE06C6 /* MyCompany.app */,
			);
			name = Products;
			sourceTree = "<group>";
		};
		11900A6225C8E76700FE06C6 /* MyCompany */ = {
			isa = PBXGroup;
			children = (
				11900A6325C8E76700FE06C6 /* AppDelegate.swift */,
				11900A6525C8E76700FE06C6 /* SceneDelegate.swift */,
				1137155A25CA4C81005EF058 /* Controllers */,
				11900A6925C8E76700FE06C6 /* Main.storyboard */,
				11900A6F25C8E76900FE06C6 /* Assets.xcassets */,
				11900A7125C8E76900FE06C6 /* LaunchScreen.storyboard */,
				11900A7425C8E76900FE06C6 /* Info.plist */,
				11900A6C25C8E76700FE06C6 /* MyCompany.xcdatamodeld */,
				1144490925CC45AE0012BA9B /* Models */,
			);
			path = MyCompany;
			sourceTree = "<group>";
		};
/* End PBXGroup section */

/* Begin PBXNativeTarget section */
		11900A5F25C8E76700FE06C6 /* MyCompany */ = {
			isa = PBXNativeTarget;
			buildConfigurationList = 11900A7725C8E76900FE06C6 /* Build configuration list for PBXNativeTarget "MyCompany" */;
			buildPhases = (
				11900A5C25C8E76700FE06C6 /* Sources */,
				11900A5D25C8E76700FE06C6 /* Frameworks */,
				11900A5E25C8E76700FE06C6 /* Resources */,
			);
			buildRules = (
			);
			dependencies = (
			);
			name = MyCompany;
			productName = MyCompany;
			productReference = 11900A6025C8E76700FE06C6 /* MyCompany.app */;
			productType = "com.apple.product-type.application";
		};
/* End PBXNativeTarget section */

/* Begin PBXProject section */
		11900A5825C8E76700FE06C6 /* Project object */ = {
			isa = PBXProject;
			attributes = {
				LastSwiftUpdateCheck = 1240;
				LastUpgradeCheck = 1240;
				TargetAttributes = {
					11900A5F25C8E76700FE06C6 = {
						CreatedOnToolsVersion = 12.4;
					};
				};
			};
			buildConfigurationList = 11900A5B25C8E76700FE06C6 /* Build configuration list for PBXProject "MyCompany" */;
			compatibilityVersion = "Xcode 9.3";
			developmentRegion = en;
			hasScannedForEncodings = 0;
			knownRegions = (
				en,
				Base,
			);
			mainGroup = 11900A5725C8E76700FE06C6;
			productRefGroup = 11900A6125C8E76700FE06C6 /* Products */;
			projectDirPath = "";
			projectRoot = "";
			targets = (
				11900A5F25C8E76700FE06C6 /* MyCompany */,
			);
		};
/* End PBXProject section */

/* Begin PBXResourcesBuildPhase section */
		11900A5E25C8E76700FE06C6 /* Resources */ = {
			isa = PBXResourcesBuildPhase;
			buildActionMask = 2147483647;
			files = (
				11900A7325C8E76900FE06C6 /* LaunchScreen.storyboard in Resources */,
				11900A7025C8E76900FE06C6 /* Assets.xcassets in Resources */,
				11900A6B25C8E76700FE06C6 /* Main.storyboard in Resources */,
			);
			runOnlyForDeploymentPostprocessing = 0;
		};
/* End PBXResourcesBuildPhase section */

/* Begin PBXSourcesBuildPhase section */
		11900A5C25C8E76700FE06C6 /* Sources */ = {
			isa = PBXSourcesBuildPhase;
			buildActionMask = 2147483647;
			files = (
				11900A6825C8E76700FE06C6 /* HomeViewController.swift in Sources */,
				1137155725C9EBAF005EF058 /* TrainingClass.swift in Sources */,
				11900A6425C8E76700FE06C6 /* AppDelegate.swift in Sources */,
				11900A6625C8E76700FE06C6 /* SceneDelegate.swift in Sources */,
				11900A6E25C8E76700FE06C6 /* MyCompany.xcdatamodeld in Sources */,
				1137155D25CA4C98005EF058 /* ResultViewController.swift in Sources */,
				1144490C25CC45BD0012BA9B /* FieldEmployee.swift in Sources */,
			);
			runOnlyForDeploymentPostprocessing = 0;
		};
/* End PBXSourcesBuildPhase section */

/* Begin PBXVariantGroup section */
		11900A6925C8E76700FE06C6 /* Main.storyboard */ = {
			isa = PBXVariantGroup;
			children = (
				11900A6A25C8E76700FE06C6 /* Base */,
			);
			name = Main.storyboard;
			sourceTree = "<group>";
		};
		11900A7125C8E76900FE06C6 /* LaunchScreen.storyboard */ = {
			isa = PBXVariantGroup;
			children = (
				11900A7225C8E76900FE06C6 /* Base */,
			);
			name = LaunchScreen.storyboard;
			sourceTree = "<group>";
		};
/* End PBXVariantGroup section */

/* Begin XCBuildConfiguration section */
		11900A7525C8E76900FE06C6 /* Debug */ = {
			isa = XCBuildConfiguration;
			buildSettings = {
				ALWAYS_SEARCH_USER_PATHS = NO;
				CLANG_ANALYZER_NONNULL = YES;
				CLANG_ANALYZER_NUMBER_OBJECT_CONVERSION = YES_AGGRESSIVE;
				CLANG_CXX_LANGUAGE_STANDARD = "gnu++14";
				CLANG_CXX_LIBRARY = "libc++";
				CLANG_ENABLE_MODULES = YES;
				CLANG_ENABLE_OBJC_ARC = YES;
				CLANG_ENABLE_OBJC_WEAK = YES;
				CLANG_WARN_BLOCK_CAPTURE_AUTORELEASING = YES;
				CLANG_WARN_BOOL_CONVERSION = YES;
				CLANG_WARN_COMMA = YES;
				CLANG_WARN_CONSTANT_CONVERSION = YES;
				CLANG_WARN_DEPRECATED_OBJC_IMPLEMENTATIONS = YES;
				CLANG_WARN_DIRECT_OBJC_ISA_USAGE = YES_ERROR;
				CLANG_WARN_DOCUMENTATION_COMMENTS = YES;
				CLANG_WARN_EMPTY_BODY = YES;
				CLANG_WARN_ENUM_CONVERSION = YES;
				CLANG_WARN_INFINITE_RECURSION = YES;
				CLANG_WARN_INT_CONVERSION = YES;
				CLANG_WARN_NON_LITERAL_NULL_CONVERSION = YES;
				CLANG_WARN_OBJC_IMPLICIT_RETAIN_SELF = YES;
				CLANG_WARN_OBJC_LITERAL_CONVERSION = YES;
				CLANG_WARN_OBJC_ROOT_CLASS = YES_ERROR;
				CLANG_WARN_QUOTED_INCLUDE_IN_FRAMEWORK_HEADER = YES;
				CLANG_WARN_RANGE_LOOP_ANALYSIS = YES;
				CLANG_WARN_STRICT_PROTOTYPES = YES;
				CLANG_WARN_SUSPICIOUS_MOVE = YES;
				CLANG_WARN_UNGUARDED_AVAILABILITY = YES_AGGRESSIVE;
				CLANG_WARN_UNREACHABLE_CODE = YES;
				CLANG_WARN__DUPLICATE_METHOD_MATCH = YES;
				COPY_PHASE_STRIP = NO;
				DEBUG_INFORMATION_FORMAT = dwarf;
				ENABLE_STRICT_OBJC_MSGSEND = YES;
				ENABLE_TESTABILITY = YES;
				GCC_C_LANGUAGE_STANDARD = gnu11;
				GCC_DYNAMIC_NO_PIC = NO;
				GCC_NO_COMMON_BLOCKS = YES;
				GCC_OPTIMIZATION_LEVEL = 0;
				GCC_PREPROCESSOR_DEFINITIONS = (
					"DEBUG=1",
					"$(inherited)",
				);
				GCC_WARN_64_TO_32_BIT_CONVERSION = YES;
				GCC_WARN_ABOUT_RETURN_TYPE = YES_ERROR;
				GCC_WARN_UNDECLARED_SELECTOR = YES;
				GCC_WARN_UNINITIALIZED_AUTOS = YES_AGGRESSIVE;
				GCC_WARN_UNUSED_FUNCTION = YES;
				GCC_WARN_UNUSED_VARIABLE = YES;
				IPHONEOS_DEPLOYMENT_TARGET = 14.4;
				MTL_ENABLE_DEBUG_INFO = INCLUDE_SOURCE;
				MTL_FAST_MATH = YES;
				ONLY_ACTIVE_ARCH = YES;
				SDKROOT = iphoneos;
				SWIFT_ACTIVE_COMPILATION_CONDITIONS = DEBUG;
				SWIFT_OPTIMIZATION_LEVEL = "-Onone";
			};
			name = Debug;
		};
		11900A7625C8E76900FE06C6 /* Release */ = {
			isa = XCBuildConfiguration;
			buildSettings = {
				ALWAYS_SEARCH_USER_PATHS = NO;
				CLANG_ANALYZER_NONNULL = YES;
				CLANG_ANALYZER_NUMBER_OBJECT_CONVERSION = YES_AGGRESSIVE;
				CLANG_CXX_LANGUAGE_STANDARD = "gnu++14";
				CLANG_CXX_LIBRARY = "libc++";
				CLANG_ENABLE_MODULES = YES;
				CLANG_ENABLE_OBJC_ARC = YES;
				CLANG_ENABLE_OBJC_WEAK = YES;
				CLANG_WARN_BLOCK_CAPTURE_AUTORELEASING = YES;
				CLANG_WARN_BOOL_CONVERSION = YES;
				CLANG_WARN_COMMA = YES;
				CLANG_WARN_CONSTANT_CONVERSION = YES;
				CLANG_WARN_DEPRECATED_OBJC_IMPLEMENTATIONS = YES;
				CLANG_WARN_DIRECT_OBJC_ISA_USAGE = YES_ERROR;
				CLANG_WARN_DOCUMENTATION_COMMENTS = YES;
				CLANG_WARN_EMPTY_BODY = YES;
				CLANG_WARN_ENUM_CONVERSION = YES;
				CLANG_WARN_INFINITE_RECURSION = YES;
				CLANG_WARN_INT_CONVERSION = YES;
				CLANG_WARN_NON_LITERAL_NULL_CONVERSION = YES;
				CLANG_WARN_OBJC_IMPLICIT_RETAIN_SELF = YES;
				CLANG_WARN_OBJC_LITERAL_CONVERSION = YES;
				CLANG_WARN_OBJC_ROOT_CLASS = YES_ERROR;
				CLANG_WARN_QUOTED_INCLUDE_IN_FRAMEWORK_HEADER = YES;
				CLANG_WARN_RANGE_LOOP_ANALYSIS = YES;
				CLANG_WARN_STRICT_PROTOTYPES = YES;
				CLANG_WARN_SUSPICIOUS_MOVE = YES;
				CLANG_WARN_UNGUARDED_AVAILABILITY = YES_AGGRESSIVE;
				CLANG_WARN_UNREACHABLE_CODE = YES;
				CLANG_WARN__DUPLICATE_METHOD_MATCH = YES;
				COPY_PHASE_STRIP = NO;
				DEBUG_INFORMATION_FORMAT = "dwarf-with-dsym";
				ENABLE_NS_ASSERTIONS = NO;
				ENABLE_STRICT_OBJC_MSGSEND = YES;
				GCC_C_LANGUAGE_STANDARD = gnu11;
				GCC_NO_COMMON_BLOCKS = YES;
				GCC_WARN_64_TO_32_BIT_CONVERSION = YES;
				GCC_WARN_ABOUT_RETURN_TYPE = YES_ERROR;
				GCC_WARN_UNDECLARED_SELECTOR = YES;
				GCC_WARN_UNINITIALIZED_AUTOS = YES_AGGRESSIVE;
				GCC_WARN_UNUSED_FUNCTION = YES;
				GCC_WARN_UNUSED_VARIABLE = YES;
				IPHONEOS_DEPLOYMENT_TARGET = 14.4;
				MTL_ENABLE_DEBUG_INFO = NO;
				MTL_FAST_MATH = YES;
				SDKROOT = iphoneos;
				SWIFT_COMPILATION_MODE = wholemodule;
				SWIFT_OPTIMIZATION_LEVEL = "-O";
				VALIDATE_PRODUCT = YES;
			};
			name = Release;
		};
		11900A7825C8E76900FE06C6 /* Debug */ = {
			isa = XCBuildConfiguration;
			buildSettings = {
				ASSETCATALOG_COMPILER_APPICON_NAME = AppIcon;
				ASSETCATALOG_COMPILER_GLOBAL_ACCENT_COLOR_NAME = AccentColor;
				CODE_SIGN_STYLE = Automatic;
				DEVELOPMENT_TEAM = 9W5D5X9XT6;
				INFOPLIST_FILE = MyCompany/Info.plist;
				LD_RUNPATH_SEARCH_PATHS = (
					"$(inherited)",
					"@executable_path/Frameworks",
				);
				PRODUCT_BUNDLE_IDENTIFIER = com.walramirez.MyCompany;
				PRODUCT_NAME = "$(TARGET_NAME)";
				SWIFT_VERSION = 5.0;
				TARGETED_DEVICE_FAMILY = "1,2";
			};
			name = Debug;
		};
		11900A7925C8E76900FE06C6 /* Release */ = {
			isa = XCBuildConfiguration;
			buildSettings = {
				ASSETCATALOG_COMPILER_APPICON_NAME = AppIcon;
				ASSETCATALOG_COMPILER_GLOBAL_ACCENT_COLOR_NAME = AccentColor;
				CODE_SIGN_STYLE = Automatic;
				DEVELOPMENT_TEAM = 9W5D5X9XT6;
				INFOPLIST_FILE = MyCompany/Info.plist;
				LD_RUNPATH_SEARCH_PATHS = (
					"$(inherited)",
					"@executable_path/Frameworks",
				);
				PRODUCT_BUNDLE_IDENTIFIER = com.walramirez.MyCompany;
				PRODUCT_NAME = "$(TARGET_NAME)";
				SWIFT_VERSION = 5.0;
				TARGETED_DEVICE_FAMILY = "1,2";
			};
			name = Release;
		};
/* End XCBuildConfiguration section */

/* Begin XCConfigurationList section */
		11900A5B25C8E76700FE06C6 /* Build configuration list for PBXProject "MyCompany" */ = {
			isa = XCConfigurationList;
			buildConfigurations = (
				11900A7525C8E76900FE06C6 /* Debug */,
				11900A7625C8E76900FE06C6 /* Release */,
			);
			defaultConfigurationIsVisible = 0;
			defaultConfigurationName = Release;
		};
		11900A7725C8E76900FE06C6 /* Build configuration list for PBXNativeTarget "MyCompany" */ = {
			isa = XCConfigurationList;
			buildConfigurations = (
				11900A7825C8E76900FE06C6 /* Debug */,
				11900A7925C8E76900FE06C6 /* Release */,
			);
			defaultConfigurationIsVisible = 0;
			defaultConfigurationName = Release;
		};
/* End XCConfigurationList section */

/* Begin XCVersionGroup section */
		11900A6C25C8E76700FE06C6 /* MyCompany.xcdatamodeld */ = {
			isa = XCVersionGroup;
			children = (
				11900A6D25C8E76700FE06C6 /* MyCompany.xcdatamodel */,
			);
			currentVersion = 11900A6D25C8E76700FE06C6 /* MyCompany.xcdatamodel */;
			path = MyCompany.xcdatamodeld;
			sourceTree = "<group>";
			versionGroupType = wrapper.xcdatamodel;
		};
/* End XCVersionGroup section */
	};
	rootObject = 11900A5825C8E76700FE06C6 /* Project object */;
}
